
Microsoft Visual Studio Solution File, Format Version 12.00
# Visual Studio Version 17
VisualStudioVersion = 17.7.34031.279
MinimumVisualStudioVersion = 10.0.40219.1
Project("{FAE04EC0-301F-11D3-BF4B-00C04F79EFBC}") = "cal", "cal.csproj", "{847CDAB2-574B-482E-AB08-690BA7558D4A}"
EndProject
Global
	GlobalSection(SolutionConfigurationPlatforms) = preSolution
		Debug|Any CPU = Debug|Any CPU
		Release|Any CPU = Release|Any CPU
	EndGlobalSection
	GlobalSection(ProjectConfigurationPlatforms) = postSolution
		{847CDAB2-574B-482E-AB08-690BA7558D4A}.Debug|Any CPU.ActiveCfg = Debug|Any CPU
		{847CDAB2-574B-482E-AB08-690BA7558D4A}.Debug|Any CPU.Build.0 = Debug|Any CPU
		{847CDAB2-574B-482E-AB08-690BA7558D4A}.Release|Any CPU.ActiveCfg = Release|Any CPU
		{847CDAB2-574B-482E-AB08-690BA7558D4A}.Release|Any CPU.Build.0 = Release|Any CPU
	EndGlobalSection
	GlobalSection(SolutionProperties) = preSolution
		HideSolutionNode = FALSE
	EndGlobalSection
	GlobalSection(ExtensibilityGlobals) = postSolution
		SolutionGuid = {5058763B-5CA3-414A-BA69-D2F9C82C37AA}
	EndGlobalSection
EndGlobal
